
Microsoft Visual Studio Solution File, Format Version 12.00
# Visual Studio 15
VisualStudioVersion = 15.0.27130.2027
MinimumVisualStudioVersion = 10.0.40219.1
Project("{FAE04EC0-301F-11D3-BF4B-00C04F79EFBC}") = "ChordnomiconWebApplication", "ChordnomiconWebApplication\ChordnomiconWebApplication.csproj", "{A57CABC5-957B-41F1-9534-2E14662208BA}"
EndProject
Project("{FAE04EC0-301F-11D3-BF4B-00C04F79EFBC}") = "ChordnomiconWebApplication.Tests", "ChordnomiconWebApplication.Tests\ChordnomiconWebApplication.Tests.csproj", "{ECA3865C-DECC-4CB1-BBA4-AF4A482621B7}"
EndProject
Global
	GlobalSection(SolutionConfigurationPlatforms) = preSolution
		Debug|Any CPU = Debug|Any CPU
		Release|Any CPU = Release|Any CPU
	EndGlobalSection
	GlobalSection(ProjectConfigurationPlatforms) = postSolution
		{A57CABC5-957B-41F1-9534-2E14662208BA}.Debug|Any CPU.ActiveCfg = Debug|Any CPU
		{A57CABC5-957B-41F1-9534-2E14662208BA}.Debug|Any CPU.Build.0 = Debug|Any CPU
		{A57CABC5-957B-41F1-9534-2E14662208BA}.Release|Any CPU.ActiveCfg = Release|Any CPU
		{A57CABC5-957B-41F1-9534-2E14662208BA}.Release|Any CPU.Build.0 = Release|Any CPU
		{ECA3865C-DECC-4CB1-BBA4-AF4A482621B7}.Debug|Any CPU.ActiveCfg = Debug|Any CPU
		{ECA3865C-DECC-4CB1-BBA4-AF4A482621B7}.Debug|Any CPU.Build.0 = Debug|Any CPU
		{ECA3865C-DECC-4CB1-BBA4-AF4A482621B7}.Release|Any CPU.ActiveCfg = Release|Any CPU
		{ECA3865C-DECC-4CB1-BBA4-AF4A482621B7}.Release|Any CPU.Build.0 = Release|Any CPU
	EndGlobalSection
	GlobalSection(SolutionProperties) = preSolution
		HideSolutionNode = FALSE
	EndGlobalSection
	GlobalSection(ExtensibilityGlobals) = postSolution
		SolutionGuid = {33147034-D9F9-477C-B9AD-E1736F50BDED}
	EndGlobalSection
EndGlobal
